
Microsoft Visual Studio Solution File, Format Version 12.00
# Visual Studio Version 17
VisualStudioVersion = 17.1.32228.430
MinimumVisualStudioVersion = 10.0.40219.1
Project("{8BC9CEB8-8B4A-11D0-8D11-00A0C91BC942}") = "一维数组案例实现", "一维数组案例实现\一维数组案例实现.vcxproj", "{EDD926D7-48B3-4851-B761-2E0992C436F3}"
EndProject
Global
	GlobalSection(SolutionConfigurationPlatforms) = preSolution
		Debug|x64 = Debug|x64
		Debug|x86 = Debug|x86
		Release|x64 = Release|x64
		Release|x86 = Release|x86
	EndGlobalSection
	GlobalSection(ProjectConfigurationPlatforms) = postSolution
		{EDD926D7-48B3-4851-B761-2E0992C436F3}.Debug|x64.ActiveCfg = Debug|x64
		{EDD926D7-48B3-4851-B761-2E0992C436F3}.Debug|x64.Build.0 = Debug|x64
		{EDD926D7-48B3-4851-B761-2E0992C436F3}.Debug|x86.ActiveCfg = Debug|Win32
		{EDD926D7-48B3-4851-B761-2E0992C436F3}.Debug|x86.Build.0 = Debug|Win32
		{EDD926D7-48B3-4851-B761-2E0992C436F3}.Release|x64.ActiveCfg = Release|x64
		{EDD926D7-48B3-4851-B761-2E0992C436F3}.Release|x64.Build.0 = Release|x64
		{EDD926D7-48B3-4851-B761-2E0992C436F3}.Release|x86.ActiveCfg = Release|Win32
		{EDD926D7-48B3-4851-B761-2E0992C436F3}.Release|x86.Build.0 = Release|Win32
	EndGlobalSection
	GlobalSection(SolutionProperties) = preSolution
		HideSolutionNode = FALSE
	EndGlobalSection
	GlobalSection(ExtensibilityGlobals) = postSolution
		SolutionGuid = {B557A92C-A80E-4CFC-A93C-2617CD9C2218}
	EndGlobalSection
EndGlobal
